
Microsoft Visual Studio Solution File, Format Version 12.00
# Visual Studio Version 17
VisualStudioVersion = 17.5.33424.131
MinimumVisualStudioVersion = 10.0.40219.1
Project("{FAE04EC0-301F-11D3-BF4B-00C04F79EFBC}") = "AppDiscoteca", "AppDiscoteca.csproj", "{ADC914A1-504B-47CD-A0A3-34E59D6A191A}"
EndProject
Global
	GlobalSection(SolutionConfigurationPlatforms) = preSolution
		Debug|Any CPU = Debug|Any CPU
		Release|Any CPU = Release|Any CPU
	EndGlobalSection
	GlobalSection(ProjectConfigurationPlatforms) = postSolution
		{ADC914A1-504B-47CD-A0A3-34E59D6A191A}.Debug|Any CPU.ActiveCfg = Debug|Any CPU
		{ADC914A1-504B-47CD-A0A3-34E59D6A191A}.Debug|Any CPU.Build.0 = Debug|Any CPU
		{ADC914A1-504B-47CD-A0A3-34E59D6A191A}.Release|Any CPU.ActiveCfg = Release|Any CPU
		{ADC914A1-504B-47CD-A0A3-34E59D6A191A}.Release|Any CPU.Build.0 = Release|Any CPU
	EndGlobalSection
	GlobalSection(SolutionProperties) = preSolution
		HideSolutionNode = FALSE
	EndGlobalSection
	GlobalSection(ExtensibilityGlobals) = postSolution
		SolutionGuid = {FB42DE6A-BE6B-41A6-975C-F11D34B85D53}
	EndGlobalSection
EndGlobal
